
Microsoft Visual Studio Solution File, Format Version 12.00
# Visual Studio Version 16
VisualStudioVersion = 16.0.28803.202
MinimumVisualStudioVersion = 10.0.40219.1
Project("{FAE04EC0-301F-11D3-BF4B-00C04F79EFBC}") = "ConsoleApp2", "ConsoleApp2\ConsoleApp2.csproj", "{E4F88F16-EE14-435B-8FC3-D812037B09DC}"
EndProject
Global
	GlobalSection(SolutionConfigurationPlatforms) = preSolution
		Debug|Any CPU = Debug|Any CPU
		Release|Any CPU = Release|Any CPU
	EndGlobalSection
	GlobalSection(ProjectConfigurationPlatforms) = postSolution
		{E4F88F16-EE14-435B-8FC3-D812037B09DC}.Debug|Any CPU.ActiveCfg = Debug|Any CPU
		{E4F88F16-EE14-435B-8FC3-D812037B09DC}.Debug|Any CPU.Build.0 = Debug|Any CPU
		{E4F88F16-EE14-435B-8FC3-D812037B09DC}.Release|Any CPU.ActiveCfg = Release|Any CPU
		{E4F88F16-EE14-435B-8FC3-D812037B09DC}.Release|Any CPU.Build.0 = Release|Any CPU
	EndGlobalSection
	GlobalSection(SolutionProperties) = preSolution
		HideSolutionNode = FALSE
	EndGlobalSection
	GlobalSection(ExtensibilityGlobals) = postSolution
		SolutionGuid = {762B1D3B-142C-4E84-A659-86B6CC9ED488}
	EndGlobalSection
EndGlobal
